
Microsoft Visual Studio Solution File, Format Version 12.00
# Visual Studio 15
VisualStudioVersion = 15.0.33801.198
MinimumVisualStudioVersion = 10.0.40219.1
Project("{8BC9CEB8-8B4A-11D0-8D11-00A0C91BC942}") = "D3D9CursorTest", "D3D9CursorTest\D3D9CursorTest.vcxproj", "{C7AE4701-E9A2-4425-BA2B-DE0C99A36EAD}"
EndProject
Global
	GlobalSection(SolutionConfigurationPlatforms) = preSolution
		Debug|x86 = Debug|x86
		Release|x86 = Release|x86
	EndGlobalSection
	GlobalSection(ProjectConfigurationPlatforms) = postSolution
		{C7AE4701-E9A2-4425-BA2B-DE0C99A36EAD}.Debug|x86.ActiveCfg = Debug|Win32
		{C7AE4701-E9A2-4425-BA2B-DE0C99A36EAD}.Debug|x86.Build.0 = Debug|Win32
		{C7AE4701-E9A2-4425-BA2B-DE0C99A36EAD}.Release|x86.ActiveCfg = Release|Win32
		{C7AE4701-E9A2-4425-BA2B-DE0C99A36EAD}.Release|x86.Build.0 = Release|Win32
	EndGlobalSection
	GlobalSection(SolutionProperties) = preSolution
		HideSolutionNode = FALSE
	EndGlobalSection
	GlobalSection(ExtensibilityGlobals) = postSolution
		SolutionGuid = {B8D18BCB-A0EF-4F27-8BE7-E585FCDE624E}
	EndGlobalSection
EndGlobal
