<?xml version="1.0" encoding="utf-8"?>
<Project ToolsVersion="4.0" xmlns="http://schemas.microsoft.com/developer/msbuild/2003">
  <ItemGroup>
    <Filter Include="Source Files">
      <UniqueIdentifier>{4FC737F1-C7A5-4376-A066-2A32D752A2FF}</UniqueIdentifier>
      <Extensions>cpp;c;cc;cxx;def;odl;idl;hpj;bat;asm;asmx</Extensions>
    </Filter>
    <Filter Include="Header Files">
      <UniqueIdentifier>{93995380-89BD-4b04-88EB-625FBE52EBFB}</UniqueIdentifier>
      <Extensions>h;hh;hpp;hxx;hm;inl;inc;ipp;xsd</Extensions>
    </Filter>
    <Filter Include="Resource Files">
      <UniqueIdentifier>{67DA6AB6-F800-4c08-8B7A-83BB121AAD01}</UniqueIdentifier>
      <Extensions>rc;ico;cur;bmp;dlg;rc2;rct;bin;rgs;gif;jpg;jpeg;jpe;resx;tiff;tif;png;wav;mfcribbon-ms</Extensions>
    </Filter>
    <Filter Include="Source Files\Testbenches">
      <UniqueIdentifier>{d286f175-8db3-4dea-809b-b876eb03e0af}</UniqueIdentifier>
    </Filter>
    <Filter Include="Header Files\Testbenches">
      <UniqueIdentifier>{5d898c11-d160-4d45-9b38-cf7d758a3369}</UniqueIdentifier>
    </Filter>
    <Filter Include="HDL">
      <UniqueIdentifier>{702fbd0c-4a96-42b9-86dd-0cd65993620c}</UniqueIdentifier>
    </Filter>
  </ItemGroup>
  <ItemGroup>
    <ClCompile Include="CPPTestbench1.cpp">
      <Filter>Source Files</Filter>
    </ClCompile>
    <ClCompile Include="xsi_loader.cpp">
      <Filter>Source Files</Filter>
    </ClCompile>
    <ClCompile Include="CPPTestbenchHelper.cpp">
      <Filter>Source Files</Filter>
    </ClCompile>
    <ClCompile Include="RenderWindow.cpp">
      <Filter>Source Files</Filter>
    </ClCompile>
    <ClCompile Include="Testbenches\FloatALUTestbench.cpp">
      <Filter>Source Files\Testbenches</Filter>
    </ClCompile>
    <ClCompile Include="Testbenches\UNORM8ToFloatTestbench.cpp">
      <Filter>Source Files\Testbenches</Filter>
    </ClCompile>
    <ClCompile Include="Testbenches\IndexBufferCacheTestbench.cpp">
      <Filter>Source Files\Testbenches</Filter>
    </ClCompile>
    <ClCompile Include="Testbenches\VertexBatchBuilderTestbench.cpp">
      <Filter>Source Files\Testbenches</Filter>
    </ClCompile>
    <ClCompile Include="Testbenches\VertexStreamCacheTestbench.cpp">
      <Filter>Source Files\Testbenches</Filter>
    </ClCompile>
    <ClCompile Include="Testbenches\ShaderCoreTestbench.cpp">
      <Filter>Source Files\Testbenches</Filter>
    </ClCompile>
    <ClCompile Include="Testbenches\InputAssemblerTestbench.cpp">
      <Filter>Source Files\Testbenches</Filter>
    </ClCompile>
    <ClCompile Include="Testbenches\TriSetupTestbench.cpp">
      <Filter>Source Files\Testbenches</Filter>
    </ClCompile>
    <ClCompile Include="Testbenches\RasterizerTestbench.cpp">
      <Filter>Source Files\Testbenches</Filter>
    </ClCompile>
    <ClCompile Include="Testbenches\DepthInterpTestbench.cpp">
      <Filter>Source Files\Testbenches</Filter>
    </ClCompile>
    <ClCompile Include="Testbenches\AttributeInterpTestbench.cpp">
      <Filter>Source Files\Testbenches</Filter>
    </ClCompile>
    <ClCompile Include="Testbenches\TexSamplerTestbench.cpp">
      <Filter>Source Files\Testbenches</Filter>
    </ClCompile>
    <ClCompile Include="Testbenches\ROPTestbench.cpp">
      <Filter>Source Files\Testbenches</Filter>
    </ClCompile>
    <ClCompile Include="Testbenches\EthernetTestbench.cpp">
      <Filter>Source Files\Testbenches</Filter>
    </ClCompile>
  </ItemGroup>
  <ItemGroup>
    <ClInclude Include="xsi_loader.h">
      <Filter>Header Files</Filter>
    </ClInclude>
    <ClInclude Include="xsi_shared_lib.h">
      <Filter>Header Files</Filter>
    </ClInclude>
    <ClInclude Include="CPPTestbench.h">
      <Filter>Header Files</Filter>
    </ClInclude>
    <ClInclude Include="RenderWindow.h">
      <Filter>Header Files</Filter>
    </ClInclude>
    <ClInclude Include="Testbenches\UNORM8ToFloatTestbench.h">
      <Filter>Header Files\Testbenches</Filter>
    </ClInclude>
    <ClInclude Include="Testbenches\FloatALUTestbench.h">
      <Filter>Header Files\Testbenches</Filter>
    </ClInclude>
    <ClInclude Include="Testbenches\IndexBufferCacheTestbench.h">
      <Filter>Header Files\Testbenches</Filter>
    </ClInclude>
    <ClInclude Include="Testbenches\LargeIndexBufferTest.h">
      <Filter>Header Files\Testbenches</Filter>
    </ClInclude>
    <ClInclude Include="Testbenches\VertexBatchBuilderTestbench.h">
      <Filter>Header Files\Testbenches</Filter>
    </ClInclude>
    <ClInclude Include="Testbenches\VertexStreamCacheTestbench.h">
      <Filter>Header Files\Testbenches</Filter>
    </ClInclude>
    <ClInclude Include="Testbenches\LargeVertexBufferData.h">
      <Filter>Header Files\Testbenches</Filter>
    </ClInclude>
    <ClInclude Include="Testbenches\ShaderCoreTestbench.h">
      <Filter>Header Files\Testbenches</Filter>
    </ClInclude>
    <ClInclude Include="Testbenches\InputAssemblerTestbench.h">
      <Filter>Header Files\Testbenches</Filter>
    </ClInclude>
    <ClInclude Include="Testbenches\ShaderCoreALUCommon.h">
      <Filter>Header Files\Testbenches</Filter>
    </ClInclude>
    <ClInclude Include="Testbenches\TriSetupTestbench.h">
      <Filter>Header Files\Testbenches</Filter>
    </ClInclude>
    <ClInclude Include="D3DTriRasterizeTestData.h">
      <Filter>Header Files\Testbenches</Filter>
    </ClInclude>
    <ClInclude Include="Testbenches\RasterizerTestbench.h">
      <Filter>Header Files\Testbenches</Filter>
    </ClInclude>
    <ClInclude Include="Testbenches\PixelPipelineShared.h">
      <Filter>Header Files\Testbenches</Filter>
    </ClInclude>
    <ClInclude Include="Testbenches\DepthInterpTestbench.h">
      <Filter>Header Files\Testbenches</Filter>
    </ClInclude>
    <ClInclude Include="Testbenches\AttributeInterpTestbench.h">
      <Filter>Header Files\Testbenches</Filter>
    </ClInclude>
    <ClInclude Include="Testbenches\TexSamplerTestbench.h">
      <Filter>Header Files\Testbenches</Filter>
    </ClInclude>
    <ClInclude Include="Testbenches\ROPTestbench.h">
      <Filter>Header Files\Testbenches</Filter>
    </ClInclude>
    <ClInclude Include="Testbenches\EthernetTestbench.h">
      <Filter>Header Files\Testbenches</Filter>
    </ClInclude>
  </ItemGroup>
  <ItemGroup>
    <None Include="rebuild_xsim.bat">
      <Filter>Resource Files</Filter>
    </None>
    <None Include="xsim.dir\AttrInterpolator\xsimk.dll">
      <Filter>Resource Files</Filter>
    </None>
    <None Include="FloatALU.prj">
      <Filter>Resource Files</Filter>
    </None>
    <None Include="ShaderCore.prj">
      <Filter>Resource Files</Filter>
    </None>
    <None Include="hdl_src\ConstantBuffer.vhd">
      <Filter>HDL</Filter>
    </None>
    <None Include="hdl_src\FloatALU.vhd">
      <Filter>HDL</Filter>
    </None>
    <None Include="hdl_src\GPRQuad.vhd">
      <Filter>HDL</Filter>
    </None>
    <None Include="hdl_src\IndexBufferCache.vhd">
      <Filter>HDL</Filter>
    </None>
    <None Include="hdl_src\ShaderCore.vhd">
      <Filter>HDL</Filter>
    </None>
    <None Include="hdl_src\UNORM8ToFloat.vhd">
      <Filter>HDL</Filter>
    </None>
    <None Include="hdl_src\VertexBatchBuilder.vhd">
      <Filter>HDL</Filter>
    </None>
    <None Include="hdl_src\VertexStreamCache.vhd">
      <Filter>HDL</Filter>
    </None>
    <None Include="AttrInterpolator.prj">
      <Filter>Resource Files</Filter>
    </None>
    <None Include="ConstantBuffer.prj">
      <Filter>Resource Files</Filter>
    </None>
    <None Include="GPRQuad.prj">
      <Filter>Resource Files</Filter>
    </None>
    <None Include="IndexBufferCache.prj">
      <Filter>Resource Files</Filter>
    </None>
    <None Include="Reciprocal.prj">
      <Filter>Resource Files</Filter>
    </None>
    <None Include="UNORM8ToFloat.prj">
      <Filter>Resource Files</Filter>
    </None>
    <None Include="VertexBatchBuilder.prj">
      <Filter>Resource Files</Filter>
    </None>
    <None Include="VertexStreamCache.prj">
      <Filter>Resource Files</Filter>
    </None>
    <None Include="hdl_src\InputAssembler2.vhd">
      <Filter>HDL</Filter>
    </None>
    <None Include="InputAssembler2.prj">
      <Filter>Resource Files</Filter>
    </None>
    <None Include="hdl_src\MemoryController.vhd">
      <Filter>HDL</Filter>
    </None>
    <None Include="MemoryController.prj">
      <Filter>Resource Files</Filter>
    </None>
    <None Include="hdl_src\CommandProcessor.vhd">
      <Filter>HDL</Filter>
    </None>
    <None Include="CommandProcessor.prj">
      <Filter>Resource Files</Filter>
    </None>
    <None Include="hdl_src\PacketType.vhd">
      <Filter>HDL</Filter>
    </None>
    <None Include="hdl_src\TestShaderCoreDriver.vhd">
      <Filter>HDL</Filter>
    </None>
    <None Include="hdl_src\FloatALU_Types.vhd">
      <Filter>HDL</Filter>
    </None>
    <None Include="hdl_src\GPRQuad2.vhd">
      <Filter>HDL</Filter>
    </None>
    <None Include="hdl_src\IndexBufferCacheTestbench.vhd">
      <Filter>HDL</Filter>
    </None>
    <None Include="hdl_src\CDC_Command_Scanout.vhd">
      <Filter>HDL</Filter>
    </None>
    <None Include="hdl_src\DepthBuffer.vhd">
      <Filter>HDL</Filter>
    </None>
    <None Include="DepthBuffer.prj">
      <Filter>Resource Files</Filter>
    </None>
    <None Include="hdl_src\TriSetup.vhd">
      <Filter>HDL</Filter>
    </None>
    <None Include="TriSetup.prj">
      <Filter>Resource Files</Filter>
    </None>
    <None Include="hdl_src\Rasterizer.vhd">
      <Filter>HDL</Filter>
    </None>
    <None Include="Rasterizer.prj">
      <Filter>Resource Files</Filter>
    </None>
    <None Include="hdl_src\DepthInterpolator.vhd">
      <Filter>HDL</Filter>
    </None>
    <None Include="DepthInterpolator.prj">
      <Filter>Resource Files</Filter>
    </None>
    <None Include="hdl_src\TriWorkCache.vhd">
      <Filter>HDL</Filter>
    </None>
    <None Include="hdl_src\AttrInterpolator.vhd">
      <Filter>HDL</Filter>
    </None>
    <None Include="hdl_src\TexSample.vhd">
      <Filter>HDL</Filter>
    </None>
    <None Include="TexSample.prj">
      <Filter>Resource Files</Filter>
    </None>
    <None Include="TriWorkCache.prj">
      <Filter>Resource Files</Filter>
    </None>
    <None Include="hdl_src\ROP.vhd">
      <Filter>HDL</Filter>
    </None>
    <None Include="ROP.prj">
      <Filter>Resource Files</Filter>
    </None>
    <None Include="hdl_src\EthernetController2.vhd">
      <Filter>HDL</Filter>
    </None>
    <None Include="hdl_src\EthernetController3.vhd">
      <Filter>HDL</Filter>
    </None>
    <None Include="EthernetController3.prj">
      <Filter>Resource Files</Filter>
    </None>
    <None Include="StatsCollector.prj">
      <Filter>Resource Files</Filter>
    </None>
    <None Include="hdl_src\EthernetMDIOController.vhd">
      <Filter>HDL</Filter>
    </None>
    <None Include="hdl_src\EthernetCRC32.vhd">
      <Filter>HDL</Filter>
    </None>
    <None Include="EthernetCRC32.prj">
      <Filter>Resource Files</Filter>
    </None>
    <None Include="hdl_src\NetProtoPacketProcessor.vhd">
      <Filter>HDL</Filter>
    </None>
    <None Include="NetProtoPacketProcessor.prj">
      <Filter>Resource Files</Filter>
    </None>
  </ItemGroup>
</Project>