
Microsoft Visual Studio Solution File, Format Version 12.00
# Visual Studio 15
VisualStudioVersion = 15.0.33801.198
MinimumVisualStudioVersion = 10.0.40219.1
Project("{8BC9CEB8-8B4A-11D0-8D11-DBA0C91BC942}") = "D3D9DynamicVertexBufferTest", "D3D9DynamicVertexBufferTest\D3D9DynamicVertexBufferTest.vcxproj", "{252CA928-AB0B-4A9F-B2C1-8975B9B08C27}"
EndProject
Global
	GlobalSection(SolutionConfigurationPlatforms) = preSolution
		Debug|x86 = Debug|x86
		Release|x86 = Release|x86
	EndGlobalSection
	GlobalSection(ProjectConfigurationPlatforms) = postSolution
		{252CA928-AB0B-4A9F-B2C1-8975B9B08C27}.Debug|x86.ActiveCfg = Debug|Win32
		{252CA928-AB0B-4A9F-B2C1-8975B9B08C27}.Debug|x86.Build.0 = Debug|Win32
		{252CA928-AB0B-4A9F-B2C1-8975B9B08C27}.Release|x86.ActiveCfg = Release|Win32
		{252CA928-AB0B-4A9F-B2C1-8975B9B08C27}.Release|x86.Build.0 = Release|Win32
	EndGlobalSection
	GlobalSection(SolutionProperties) = preSolution
		HideSolutionNode = FALSE
	EndGlobalSection
	GlobalSection(ExtensibilityGlobals) = postSolution
		SolutionGuid = {28CCCFFD-6EE9-4D8E-B570-988D348F1759}
	EndGlobalSection
EndGlobal
