Microsoft Visual Studio Solution File, Format Version 12.00
# Visual Studio 15
VisualStudioVersion = 15.0.28307.1525
MinimumVisualStudioVersion = 10.0.40219.1
Project("{8BC9CEB8-8B4A-11D0-8D11-00A0C91BC942}") = "d3d9", "Software_d3d9_Driver\Software_d3d9_Driver.vcxproj", "{FFDB895B-11C0-4996-8C2E-194D85FFFAE6}"
	ProjectSection(ProjectDependencies) = postProject
		{67FCA46A-6B71-42E4-90E3-9C25F0C68391} = {67FCA46A-6B71-42E4-90E3-9C25F0C68391}
		{553F9799-7401-4555-A217-9ED70C4AFA21} = {553F9799-7401-4555-A217-9ED70C4AFA21}
	EndProjectSection
EndProject
Project("{8BC9CEB8-8B4A-11D0-8D11-00A0C91BC942}") = "DriverShaderCompiler", "DriverShaderCompiler\DriverShaderCompiler.vcxproj", "{67FCA46A-6B71-42E4-90E3-9C25F0C68391}"
	ProjectSection(ProjectDependencies) = postProject
		{553F9799-7401-4555-A217-9ED70C4AFA21} = {553F9799-7401-4555-A217-9ED70C4AFA21}
	EndProjectSection
EndProject
Project("{8BC9CEB8-8B4A-11D0-8D11-00A0C91BC942}") = "ShaderAnalysis", "ShaderAnalysis\ShaderAnalysis.vcxproj", "{553F9799-7401-4555-A217-9ED70C4AFA21}"
EndProject
Project("{8BC9CEB8-8B4A-11D0-8D11-00A0C91BC942}") = "ShaderTraceViewer", "ShaderTraceViewer\ShaderTraceViewer.vcxproj", "{3237FC59-D3DA-42C4-943C-DEF557227589}"
	ProjectSection(ProjectDependencies) = postProject
		{67FCA46A-6B71-42E4-90E3-9C25F0C68391} = {67FCA46A-6B71-42E4-90E3-9C25F0C68391}
	EndProjectSection
EndProject
Global
	GlobalSection(SolutionConfigurationPlatforms) = preSolution
		Debug|Win32 = Debug|Win32
		Debug|x64 = Debug|x64
		Release|Win32 = Release|Win32
		Release|x64 = Release|x64
	EndGlobalSection
	GlobalSection(ProjectConfigurationPlatforms) = postSolution
		{FFDB895B-11C0-4996-8C2E-194D85FFFAE6}.Debug|Win32.ActiveCfg = Debug|Win32
		{FFDB895B-11C0-4996-8C2E-194D85FFFAE6}.Debug|Win32.Build.0 = Debug|Win32
		{FFDB895B-11C0-4996-8C2E-194D85FFFAE6}.Debug|x64.ActiveCfg = Debug|x64
		{FFDB895B-11C0-4996-8C2E-194D85FFFAE6}.Debug|x64.Build.0 = Debug|x64
		{FFDB895B-11C0-4996-8C2E-194D85FFFAE6}.Release|Win32.ActiveCfg = Release|Win32
		{FFDB895B-11C0-4996-8C2E-194D85FFFAE6}.Release|Win32.Build.0 = Release|Win32
		{FFDB895B-11C0-4996-8C2E-194D85FFFAE6}.Release|x64.ActiveCfg = Release|x64
		{FFDB895B-11C0-4996-8C2E-194D85FFFAE6}.Release|x64.Build.0 = Release|x64
		{67FCA46A-6B71-42E4-90E3-9C25F0C68391}.Debug|Win32.ActiveCfg = Debug|Win32
		{67FCA46A-6B71-42E4-90E3-9C25F0C68391}.Debug|Win32.Build.0 = Debug|Win32
		{67FCA46A-6B71-42E4-90E3-9C25F0C68391}.Debug|x64.ActiveCfg = Debug|x64
		{67FCA46A-6B71-42E4-90E3-9C25F0C68391}.Debug|x64.Build.0 = Debug|x64
		{67FCA46A-6B71-42E4-90E3-9C25F0C68391}.Release|Win32.ActiveCfg = Release|Win32
		{67FCA46A-6B71-42E4-90E3-9C25F0C68391}.Release|Win32.Build.0 = Release|Win32
		{67FCA46A-6B71-42E4-90E3-9C25F0C68391}.Release|x64.ActiveCfg = Release|x64
		{67FCA46A-6B71-42E4-90E3-9C25F0C68391}.Release|x64.Build.0 = Release|x64
		{553F9799-7401-4555-A217-9ED70C4AFA21}.Debug|Win32.ActiveCfg = Debug|Win32
		{553F9799-7401-4555-A217-9ED70C4AFA21}.Debug|Win32.Build.0 = Debug|Win32
		{553F9799-7401-4555-A217-9ED70C4AFA21}.Debug|x64.ActiveCfg = Debug|x64
		{553F9799-7401-4555-A217-9ED70C4AFA21}.Debug|x64.Build.0 = Debug|x64
		{553F9799-7401-4555-A217-9ED70C4AFA21}.Release|Win32.ActiveCfg = Release|Win32
		{553F9799-7401-4555-A217-9ED70C4AFA21}.Release|Win32.Build.0 = Release|Win32
		{553F9799-7401-4555-A217-9ED70C4AFA21}.Release|x64.ActiveCfg = Release|x64
		{553F9799-7401-4555-A217-9ED70C4AFA21}.Release|x64.Build.0 = Release|x64
		{3237FC59-D3DA-42C4-943C-DEF557227589}.Debug|Win32.ActiveCfg = Debug|Win32
		{3237FC59-D3DA-42C4-943C-DEF557227589}.Debug|Win32.Build.0 = Debug|Win32
		{3237FC59-D3DA-42C4-943C-DEF557227589}.Debug|x64.ActiveCfg = Debug|x64
		{3237FC59-D3DA-42C4-943C-DEF557227589}.Debug|x64.Build.0 = Debug|x64
		{3237FC59-D3DA-42C4-943C-DEF557227589}.Release|Win32.ActiveCfg = Release|Win32
		{3237FC59-D3DA-42C4-943C-DEF557227589}.Release|Win32.Build.0 = Release|Win32
		{3237FC59-D3DA-42C4-943C-DEF557227589}.Release|x64.ActiveCfg = Release|x64
		{3237FC59-D3DA-42C4-943C-DEF557227589}.Release|x64.Build.0 = Release|x64
	EndGlobalSection
	GlobalSection(SolutionProperties) = preSolution
		HideSolutionNode = FALSE
	EndGlobalSection
	GlobalSection(ExtensibilityGlobals) = postSolution
		SolutionGuid = {5E04EDFD-1D25-4070-891C-F7243B95D719}
	EndGlobalSection
EndGlobal
