Microsoft Visual Studio Solution File, Format Version 12.00
# Visual Studio Version 17
VisualStudioVersion = 17.12.35527.113 d17.12
MinimumVisualStudioVersion = 10.0.40219.1
Project("{8BC9CEB8-8B4A-11D0-8D11-00A0C91BC942}") = "d3d9", "Software_d3d9_Driver\Software_d3d9_Driver.vcxproj", "{FFDB895B-11C0-4996-8C2E-194D85FFFAE6}"
	ProjectSection(ProjectDependencies) = postProject
		{67FCA46A-6B71-42E4-90E3-9C25F0C68391} = {67FCA46A-6B71-42E4-90E3-9C25F0C68391}
		{553F9799-7401-4555-A217-9ED70C4AFA21} = {553F9799-7401-4555-A217-9ED70C4AFA21}
	EndProjectSection
EndProject
Project("{8BC9CEB8-8B4A-11D0-8D11-00A0C91BC942}") = "DriverShaderCompiler", "DriverShaderCompiler\DriverShaderCompiler.vcxproj", "{67FCA46A-6B71-42E4-90E3-9C25F0C68391}"
	ProjectSection(ProjectDependencies) = postProject
		{553F9799-7401-4555-A217-9ED70C4AFA21} = {553F9799-7401-4555-A217-9ED70C4AFA21}
	EndProjectSection
EndProject
Project("{8BC9CEB8-8B4A-11D0-8D11-00A0C91BC942}") = "ShaderAnalysis", "ShaderAnalysis\ShaderAnalysis.vcxproj", "{553F9799-7401-4555-A217-9ED70C4AFA21}"
EndProject
Project("{8BC9CEB8-8B4A-11D0-8D11-00A0C91BC942}") = "ShaderTraceViewer", "ShaderTraceViewer\ShaderTraceViewer.vcxproj", "{3237FC59-D3DA-42C4-943C-DEF557227589}"
	ProjectSection(ProjectDependencies) = postProject
		{67FCA46A-6B71-42E4-90E3-9C25F0C68391} = {67FCA46A-6B71-42E4-90E3-9C25F0C68391}
	EndProjectSection
EndProject
Project("{2150E333-8FDC-42A3-9474-1A3956D46DE8}") = "Endpoints", "Endpoints", "{B618D558-7FCF-4232-AA55-336A38C0977E}"
EndProject
Project("{8BC9CEB8-8B4A-11D0-8D11-00A0C91BC942}") = "GPUEndpoint_D3D9", "Endpoints\GPUEndpoint_D3D9\GPUEndpoint_D3D9.vcxproj", "{FD4164FF-91DE-4DA7-8A1D-76D6B5E0496F}"
EndProject
Project("{8BC9CEB8-8B4A-11D0-8D11-00A0C91BC942}") = "EndpointDLL_IPCHost", "EndpointDLL_IPCHost\EndpointDLL_IPCHost.vcxproj", "{7ED95ED2-EC88-4ED2-9C8A-49A19AFDDCF0}"
EndProject
Project("{8BC9CEB8-8B4A-11D0-8D11-00A0C91BC942}") = "RecordingEndpoint_DiskFile", "Endpoints\RecordingEndpoint_DiskFile\RecordingEndpoint_DiskFile.vcxproj", "{0BFA64C1-0009-482E-AE28-A97846D412EA}"
EndProject
Project("{8BC9CEB8-8B4A-11D0-8D11-00A0C91BC942}") = "RecordingPlayback", "Endpoints\RecordingPlayback\RecordingPlayback.vcxproj", "{11E17A51-E5A8-4AE6-B4A2-9C800C60D94E}"
EndProject
Project("{8BC9CEB8-8B4A-11D0-8D11-00A0C91BC942}") = "GPUEndpoint_Serial", "Endpoints\GPUEndpoint_Serial\GPUEndpoint_Serial.vcxproj", "{4689050F-282F-4F97-B218-4005A29A2294}"
EndProject
Project("{8BC9CEB8-8B4A-11D0-8D11-00A0C91BC942}") = "GPUEndpoint_Network", "Endpoints\GPUEndpoint_Network\GPUEndpoint_Network.vcxproj", "{4689050F-282F-4F97-B218-4005A29A2299}"
EndProject
Project("{8BC9CEB8-8B4A-11D0-8D11-00A0C91BC942}") = "GPUEndpoint_CycleSimulator", "Endpoints\GPUEndpoint_CycleSimulator\GPUEndpoint_CycleSimulator.vcxproj", "{0AFA35C2-FE89-431F-A7BD-EF3699EDA15A}"
EndProject
Global
	GlobalSection(SolutionConfigurationPlatforms) = preSolution
		Debug|Win32 = Debug|Win32
		Debug|x64 = Debug|x64
		Release|Win32 = Release|Win32
		Release|x64 = Release|x64
	EndGlobalSection
	GlobalSection(ProjectConfigurationPlatforms) = postSolution
		{FFDB895B-11C0-4996-8C2E-194D85FFFAE6}.Debug|Win32.ActiveCfg = Debug|Win32
		{FFDB895B-11C0-4996-8C2E-194D85FFFAE6}.Debug|Win32.Build.0 = Debug|Win32
		{FFDB895B-11C0-4996-8C2E-194D85FFFAE6}.Debug|x64.ActiveCfg = Debug|x64
		{FFDB895B-11C0-4996-8C2E-194D85FFFAE6}.Debug|x64.Build.0 = Debug|x64
		{FFDB895B-11C0-4996-8C2E-194D85FFFAE6}.Release|Win32.ActiveCfg = Release|Win32
		{FFDB895B-11C0-4996-8C2E-194D85FFFAE6}.Release|Win32.Build.0 = Release|Win32
		{FFDB895B-11C0-4996-8C2E-194D85FFFAE6}.Release|x64.ActiveCfg = Release|x64
		{FFDB895B-11C0-4996-8C2E-194D85FFFAE6}.Release|x64.Build.0 = Release|x64
		{67FCA46A-6B71-42E4-90E3-9C25F0C68391}.Debug|Win32.ActiveCfg = Debug|Win32
		{67FCA46A-6B71-42E4-90E3-9C25F0C68391}.Debug|Win32.Build.0 = Debug|Win32
		{67FCA46A-6B71-42E4-90E3-9C25F0C68391}.Debug|x64.ActiveCfg = Debug|x64
		{67FCA46A-6B71-42E4-90E3-9C25F0C68391}.Debug|x64.Build.0 = Debug|x64
		{67FCA46A-6B71-42E4-90E3-9C25F0C68391}.Release|Win32.ActiveCfg = Release|Win32
		{67FCA46A-6B71-42E4-90E3-9C25F0C68391}.Release|Win32.Build.0 = Release|Win32
		{67FCA46A-6B71-42E4-90E3-9C25F0C68391}.Release|x64.ActiveCfg = Release|x64
		{67FCA46A-6B71-42E4-90E3-9C25F0C68391}.Release|x64.Build.0 = Release|x64
		{553F9799-7401-4555-A217-9ED70C4AFA21}.Debug|Win32.ActiveCfg = Debug|Win32
		{553F9799-7401-4555-A217-9ED70C4AFA21}.Debug|Win32.Build.0 = Debug|Win32
		{553F9799-7401-4555-A217-9ED70C4AFA21}.Debug|x64.ActiveCfg = Debug|x64
		{553F9799-7401-4555-A217-9ED70C4AFA21}.Debug|x64.Build.0 = Debug|x64
		{553F9799-7401-4555-A217-9ED70C4AFA21}.Release|Win32.ActiveCfg = Release|Win32
		{553F9799-7401-4555-A217-9ED70C4AFA21}.Release|Win32.Build.0 = Release|Win32
		{553F9799-7401-4555-A217-9ED70C4AFA21}.Release|x64.ActiveCfg = Release|x64
		{553F9799-7401-4555-A217-9ED70C4AFA21}.Release|x64.Build.0 = Release|x64
		{3237FC59-D3DA-42C4-943C-DEF557227589}.Debug|Win32.ActiveCfg = Debug|Win32
		{3237FC59-D3DA-42C4-943C-DEF557227589}.Debug|Win32.Build.0 = Debug|Win32
		{3237FC59-D3DA-42C4-943C-DEF557227589}.Debug|x64.ActiveCfg = Debug|x64
		{3237FC59-D3DA-42C4-943C-DEF557227589}.Debug|x64.Build.0 = Debug|x64
		{3237FC59-D3DA-42C4-943C-DEF557227589}.Release|Win32.ActiveCfg = Release|Win32
		{3237FC59-D3DA-42C4-943C-DEF557227589}.Release|Win32.Build.0 = Release|Win32
		{3237FC59-D3DA-42C4-943C-DEF557227589}.Release|x64.ActiveCfg = Release|x64
		{3237FC59-D3DA-42C4-943C-DEF557227589}.Release|x64.Build.0 = Release|x64
		{FD4164FF-91DE-4DA7-8A1D-76D6B5E0496F}.Debug|Win32.ActiveCfg = Debug|Win32
		{FD4164FF-91DE-4DA7-8A1D-76D6B5E0496F}.Debug|Win32.Build.0 = Debug|Win32
		{FD4164FF-91DE-4DA7-8A1D-76D6B5E0496F}.Debug|x64.ActiveCfg = Debug|x64
		{FD4164FF-91DE-4DA7-8A1D-76D6B5E0496F}.Debug|x64.Build.0 = Debug|x64
		{FD4164FF-91DE-4DA7-8A1D-76D6B5E0496F}.Release|Win32.ActiveCfg = Release|Win32
		{FD4164FF-91DE-4DA7-8A1D-76D6B5E0496F}.Release|Win32.Build.0 = Release|Win32
		{FD4164FF-91DE-4DA7-8A1D-76D6B5E0496F}.Release|x64.ActiveCfg = Release|x64
		{FD4164FF-91DE-4DA7-8A1D-76D6B5E0496F}.Release|x64.Build.0 = Release|x64
		{7ED95ED2-EC88-4ED2-9C8A-49A19AFDDCF0}.Debug|Win32.ActiveCfg = Debug|Win32
		{7ED95ED2-EC88-4ED2-9C8A-49A19AFDDCF0}.Debug|Win32.Build.0 = Debug|Win32
		{7ED95ED2-EC88-4ED2-9C8A-49A19AFDDCF0}.Debug|x64.ActiveCfg = Debug|x64
		{7ED95ED2-EC88-4ED2-9C8A-49A19AFDDCF0}.Debug|x64.Build.0 = Debug|x64
		{7ED95ED2-EC88-4ED2-9C8A-49A19AFDDCF0}.Release|Win32.ActiveCfg = Release|Win32
		{7ED95ED2-EC88-4ED2-9C8A-49A19AFDDCF0}.Release|Win32.Build.0 = Release|Win32
		{7ED95ED2-EC88-4ED2-9C8A-49A19AFDDCF0}.Release|x64.ActiveCfg = Release|x64
		{7ED95ED2-EC88-4ED2-9C8A-49A19AFDDCF0}.Release|x64.Build.0 = Release|x64
		{0BFA64C1-0009-482E-AE28-A97846D412EA}.Debug|Win32.ActiveCfg = Debug|Win32
		{0BFA64C1-0009-482E-AE28-A97846D412EA}.Debug|Win32.Build.0 = Debug|Win32
		{0BFA64C1-0009-482E-AE28-A97846D412EA}.Debug|x64.ActiveCfg = Debug|x64
		{0BFA64C1-0009-482E-AE28-A97846D412EA}.Debug|x64.Build.0 = Debug|x64
		{0BFA64C1-0009-482E-AE28-A97846D412EA}.Release|Win32.ActiveCfg = Release|Win32
		{0BFA64C1-0009-482E-AE28-A97846D412EA}.Release|Win32.Build.0 = Release|Win32
		{0BFA64C1-0009-482E-AE28-A97846D412EA}.Release|x64.ActiveCfg = Release|x64
		{0BFA64C1-0009-482E-AE28-A97846D412EA}.Release|x64.Build.0 = Release|x64
		{11E17A51-E5A8-4AE6-B4A2-9C800C60D94E}.Debug|Win32.ActiveCfg = Debug|Win32
		{11E17A51-E5A8-4AE6-B4A2-9C800C60D94E}.Debug|Win32.Build.0 = Debug|Win32
		{11E17A51-E5A8-4AE6-B4A2-9C800C60D94E}.Debug|x64.ActiveCfg = Debug|x64
		{11E17A51-E5A8-4AE6-B4A2-9C800C60D94E}.Debug|x64.Build.0 = Debug|x64
		{11E17A51-E5A8-4AE6-B4A2-9C800C60D94E}.Release|Win32.ActiveCfg = Release|Win32
		{11E17A51-E5A8-4AE6-B4A2-9C800C60D94E}.Release|Win32.Build.0 = Release|Win32
		{11E17A51-E5A8-4AE6-B4A2-9C800C60D94E}.Release|x64.ActiveCfg = Release|x64
		{11E17A51-E5A8-4AE6-B4A2-9C800C60D94E}.Release|x64.Build.0 = Release|x64
		{4689050F-282F-4F97-B218-4005A29A2294}.Debug|Win32.ActiveCfg = Debug|Win32
		{4689050F-282F-4F97-B218-4005A29A2294}.Debug|Win32.Build.0 = Debug|Win32
		{4689050F-282F-4F97-B218-4005A29A2294}.Debug|x64.ActiveCfg = Debug|x64
		{4689050F-282F-4F97-B218-4005A29A2294}.Debug|x64.Build.0 = Debug|x64
		{4689050F-282F-4F97-B218-4005A29A2294}.Release|Win32.ActiveCfg = Release|Win32
		{4689050F-282F-4F97-B218-4005A29A2294}.Release|Win32.Build.0 = Release|Win32
		{4689050F-282F-4F97-B218-4005A29A2294}.Release|x64.ActiveCfg = Release|x64
		{4689050F-282F-4F97-B218-4005A29A2294}.Release|x64.Build.0 = Release|x64
		{4689050F-282F-4F97-B218-4005A29A2299}.Debug|Win32.ActiveCfg = Debug|Win32
		{4689050F-282F-4F97-B218-4005A29A2299}.Debug|Win32.Build.0 = Debug|Win32
		{4689050F-282F-4F97-B218-4005A29A2299}.Debug|x64.ActiveCfg = Debug|x64
		{4689050F-282F-4F97-B218-4005A29A2299}.Debug|x64.Build.0 = Debug|x64
		{4689050F-282F-4F97-B218-4005A29A2299}.Release|Win32.ActiveCfg = Release|Win32
		{4689050F-282F-4F97-B218-4005A29A2299}.Release|Win32.Build.0 = Release|Win32
		{4689050F-282F-4F97-B218-4005A29A2299}.Release|x64.ActiveCfg = Release|x64
		{4689050F-282F-4F97-B218-4005A29A2299}.Release|x64.Build.0 = Release|x64
		{0AFA35C2-FE89-431F-A7BD-EF3699EDA15A}.Debug|Win32.ActiveCfg = Debug|Win32
		{0AFA35C2-FE89-431F-A7BD-EF3699EDA15A}.Debug|Win32.Build.0 = Debug|Win32
		{0AFA35C2-FE89-431F-A7BD-EF3699EDA15A}.Debug|x64.ActiveCfg = Debug|x64
		{0AFA35C2-FE89-431F-A7BD-EF3699EDA15A}.Debug|x64.Build.0 = Debug|x64
		{0AFA35C2-FE89-431F-A7BD-EF3699EDA15A}.Release|Win32.ActiveCfg = Release|Win32
		{0AFA35C2-FE89-431F-A7BD-EF3699EDA15A}.Release|Win32.Build.0 = Release|Win32
		{0AFA35C2-FE89-431F-A7BD-EF3699EDA15A}.Release|x64.ActiveCfg = Release|x64
		{0AFA35C2-FE89-431F-A7BD-EF3699EDA15A}.Release|x64.Build.0 = Release|x64
	EndGlobalSection
	GlobalSection(SolutionProperties) = preSolution
		HideSolutionNode = FALSE
	EndGlobalSection
	GlobalSection(NestedProjects) = preSolution
		{FD4164FF-91DE-4DA7-8A1D-76D6B5E0496F} = {B618D558-7FCF-4232-AA55-336A38C0977E}
		{7ED95ED2-EC88-4ED2-9C8A-49A19AFDDCF0} = {B618D558-7FCF-4232-AA55-336A38C0977E}
		{0BFA64C1-0009-482E-AE28-A97846D412EA} = {B618D558-7FCF-4232-AA55-336A38C0977E}
		{11E17A51-E5A8-4AE6-B4A2-9C800C60D94E} = {B618D558-7FCF-4232-AA55-336A38C0977E}
		{4689050F-282F-4F97-B218-4005A29A2294} = {B618D558-7FCF-4232-AA55-336A38C0977E}
		{4689050F-282F-4F97-B218-4005A29A2299} = {B618D558-7FCF-4232-AA55-336A38C0977E}
		{0AFA35C2-FE89-431F-A7BD-EF3699EDA15A} = {B618D558-7FCF-4232-AA55-336A38C0977E}
	EndGlobalSection
	GlobalSection(ExtensibilityGlobals) = postSolution
		SolutionGuid = {5E04EDFD-1D25-4070-891C-F7243B95D719}
	EndGlobalSection
EndGlobal
